
Microsoft Visual Studio Solution File, Format Version 12.00
# Visual Studio Version 17
VisualStudioVersion = 17.5.33516.290
MinimumVisualStudioVersion = 10.0.40219.1
Project("{9A19103F-16F7-4668-BE54-9A1E7A4F7556}") = "ca_demo", "ca_demo\ca_demo.csproj", "{20044A7C-7D80-44FE-AA15-2D291E36BE7A}"
EndProject
Project("{9A19103F-16F7-4668-BE54-9A1E7A4F7556}") = "Application", "Application\Application.csproj", "{88543355-A802-48D8-8715-EDCEF4837FEF}"
EndProject
Project("{9A19103F-16F7-4668-BE54-9A1E7A4F7556}") = "Domain", "Domain\Domain.csproj", "{5BB86D90-15C1-46EB-899C-F528A7CB0739}"
EndProject
Project("{9A19103F-16F7-4668-BE54-9A1E7A4F7556}") = "EFRepository", "EFRepository\EFRepository.csproj", "{B04B37E2-4486-4D0F-AA9C-D5D7FF3C3084}"
EndProject
Project("{2150E333-8FDC-42A3-9474-1A3956D46DE8}") = "0_Yellow", "0_Yellow", "{B0A72488-A5C9-4F34-85E5-F7C2D00F6B98}"
EndProject
Project("{2150E333-8FDC-42A3-9474-1A3956D46DE8}") = "1_Red", "1_Red", "{FDB5F919-71D6-4696-9842-67E4CD29924C}"
EndProject
Project("{2150E333-8FDC-42A3-9474-1A3956D46DE8}") = "2_Green", "2_Green", "{5D9D81F3-0388-44C4-8744-760EF774A318}"
EndProject
Global
	GlobalSection(SolutionConfigurationPlatforms) = preSolution
		Debug|Any CPU = Debug|Any CPU
		Release|Any CPU = Release|Any CPU
	EndGlobalSection
	GlobalSection(ProjectConfigurationPlatforms) = postSolution
		{20044A7C-7D80-44FE-AA15-2D291E36BE7A}.Debug|Any CPU.ActiveCfg = Debug|Any CPU
		{20044A7C-7D80-44FE-AA15-2D291E36BE7A}.Debug|Any CPU.Build.0 = Debug|Any CPU
		{20044A7C-7D80-44FE-AA15-2D291E36BE7A}.Release|Any CPU.ActiveCfg = Release|Any CPU
		{20044A7C-7D80-44FE-AA15-2D291E36BE7A}.Release|Any CPU.Build.0 = Release|Any CPU
		{88543355-A802-48D8-8715-EDCEF4837FEF}.Debug|Any CPU.ActiveCfg = Debug|Any CPU
		{88543355-A802-48D8-8715-EDCEF4837FEF}.Debug|Any CPU.Build.0 = Debug|Any CPU
		{88543355-A802-48D8-8715-EDCEF4837FEF}.Release|Any CPU.ActiveCfg = Release|Any CPU
		{88543355-A802-48D8-8715-EDCEF4837FEF}.Release|Any CPU.Build.0 = Release|Any CPU
		{5BB86D90-15C1-46EB-899C-F528A7CB0739}.Debug|Any CPU.ActiveCfg = Debug|Any CPU
		{5BB86D90-15C1-46EB-899C-F528A7CB0739}.Debug|Any CPU.Build.0 = Debug|Any CPU
		{5BB86D90-15C1-46EB-899C-F528A7CB0739}.Release|Any CPU.ActiveCfg = Release|Any CPU
		{5BB86D90-15C1-46EB-899C-F528A7CB0739}.Release|Any CPU.Build.0 = Release|Any CPU
		{B04B37E2-4486-4D0F-AA9C-D5D7FF3C3084}.Debug|Any CPU.ActiveCfg = Debug|Any CPU
		{B04B37E2-4486-4D0F-AA9C-D5D7FF3C3084}.Debug|Any CPU.Build.0 = Debug|Any CPU
		{B04B37E2-4486-4D0F-AA9C-D5D7FF3C3084}.Release|Any CPU.ActiveCfg = Release|Any CPU
		{B04B37E2-4486-4D0F-AA9C-D5D7FF3C3084}.Release|Any CPU.Build.0 = Release|Any CPU
	EndGlobalSection
	GlobalSection(SolutionProperties) = preSolution
		HideSolutionNode = FALSE
	EndGlobalSection
	GlobalSection(NestedProjects) = preSolution
		{20044A7C-7D80-44FE-AA15-2D291E36BE7A} = {5D9D81F3-0388-44C4-8744-760EF774A318}
		{88543355-A802-48D8-8715-EDCEF4837FEF} = {FDB5F919-71D6-4696-9842-67E4CD29924C}
		{5BB86D90-15C1-46EB-899C-F528A7CB0739} = {B0A72488-A5C9-4F34-85E5-F7C2D00F6B98}
		{B04B37E2-4486-4D0F-AA9C-D5D7FF3C3084} = {5D9D81F3-0388-44C4-8744-760EF774A318}
	EndGlobalSection
	GlobalSection(ExtensibilityGlobals) = postSolution
		SolutionGuid = {B051FCE5-0ED7-4322-A14E-6C890F0779BB}
	EndGlobalSection
EndGlobal
